
Microsoft Visual Studio Solution File, Format Version 12.00
Project("{FAE04EC0-301F-11D3-BF4B-00C04F79EFBC}") = "MovieApp", "MovieApp\MovieApp.csproj", "{46808C65-710C-466D-9C1A-75100E56CBB5}"
EndProject
Project("{FAE04EC0-301F-11D3-BF4B-00C04F79EFBC}") = "MovieRating", "..\..\MovieRating\MovieRating.csproj", "{051E9DA5-7ED8-4003-8605-837482F2B94F}"
EndProject
Global
	GlobalSection(SolutionConfigurationPlatforms) = preSolution
		Debug|Any CPU = Debug|Any CPU
		Release|Any CPU = Release|Any CPU
	EndGlobalSection
	GlobalSection(ProjectConfigurationPlatforms) = postSolution
		{46808C65-710C-466D-9C1A-75100E56CBB5}.Debug|Any CPU.ActiveCfg = Debug|Any CPU
		{46808C65-710C-466D-9C1A-75100E56CBB5}.Debug|Any CPU.Build.0 = Debug|Any CPU
		{46808C65-710C-466D-9C1A-75100E56CBB5}.Release|Any CPU.ActiveCfg = Release|Any CPU
		{46808C65-710C-466D-9C1A-75100E56CBB5}.Release|Any CPU.Build.0 = Release|Any CPU
		{051E9DA5-7ED8-4003-8605-837482F2B94F}.Debug|Any CPU.ActiveCfg = Debug|Any CPU
		{051E9DA5-7ED8-4003-8605-837482F2B94F}.Debug|Any CPU.Build.0 = Debug|Any CPU
		{051E9DA5-7ED8-4003-8605-837482F2B94F}.Release|Any CPU.ActiveCfg = Release|Any CPU
		{051E9DA5-7ED8-4003-8605-837482F2B94F}.Release|Any CPU.Build.0 = Release|Any CPU
	EndGlobalSection
EndGlobal
